{
  "originHash" : "838cedc1ff704f14426befc05257203bf3aaf397162004377a05b8e903ad2a57",
  "pins" : [
    {
      "identity" : "youtubeplayerkit",
      "kind" : "remoteSourceControl",
      "location" : "https://github.com/SvenTiigi/YouTubePlayerKit.git",
      "state" : {
        "revision" : "1ae8275",
        "version" : "2.0.5"
      }
    }
  ],
  "version" : 3
}
