// !$*UTF8*$!
{
	archiveVersion = 1;
	classes = {
	};
	objectVersion = 56;
	objects = {

/* Begin PBXBuildFile section */
		2D6A37032F5B8F7900953EBA /* Localized.swift in Sources */ = {isa = PBXBuildFile; fileRef = 2D6A37022F5B8F7900953EBA /* Localized.swift */; };
		2D9702FE28D5F64600800A71 /* SwiftUIView.swift in Sources */ = {isa = PBXBuildFile; fileRef = 2D9702FD28D5F64600800A71 /* SwiftUIView.swift */; };
		2D97030028D6070D00800A71 /* SplashScreenView.swift in Sources */ = {isa = PBXBuildFile; fileRef = 2D9702FF28D6070D00800A71 /* SplashScreenView.swift */; };
		2D97030228D61FBF00800A71 /* ConrtolImageView.swift in Sources */ = {isa = PBXBuildFile; fileRef = 2D97030128D61FBF00800A71 /* ConrtolImageView.swift */; };
		2DB40D8F28D89B43000ECE13 /* YouTubePlayerKit in Frameworks */ = {isa = PBXBuildFile; productRef = 2DB40D8E28D89B43000ECE13 /* YouTubePlayerKit */; };
		2DB51D612F6C976C00625967 /* MainViewStateTests.swift in Sources */ = {isa = PBXBuildFile; fileRef = 2DB51D602F6C976C00625967 /* MainViewStateTests.swift */; };
		2DE45BE528D5157500B5C13B /* NASA_NewApp.swift in Sources */ = {isa = PBXBuildFile; fileRef = 2DE45BE428D5157500B5C13B /* NASA_NewApp.swift */; };
		2DE45BE928D5157500B5C13B /* Assets.xcassets in Resources */ = {isa = PBXBuildFile; fileRef = 2DE45BE828D5157500B5C13B /* Assets.xcassets */; };
		2DE45BEC28D5157500B5C13B /* Preview Assets.xcassets in Resources */ = {isa = PBXBuildFile; fileRef = 2DE45BEB28D5157500B5C13B /* Preview Assets.xcassets */; };
		2DCCE8E02F77D000009C8476 /* Localizable.strings in Resources */ = {isa = PBXBuildFile; fileRef = 2DCCE8DE2F77CE82009C8476 /* Localizable.strings */; };
		2DE45BF328D515C200B5C13B /* NasaModel.swift in Sources */ = {isa = PBXBuildFile; fileRef = 2DE45BF228D515C200B5C13B /* NasaModel.swift */; };
		2DE45BF528D5163A00B5C13B /* NasaCollectionFetcher.swift in Sources */ = {isa = PBXBuildFile; fileRef = 2DE45BF428D5163A00B5C13B /* NasaCollectionFetcher.swift */; };
		2DE45BFD28D51CB000B5C13B /* MainView.swift in Sources */ = {isa = PBXBuildFile; fileRef = 2DE45BFC28D51CB000B5C13B /* MainView.swift */; };
		AA1000012F00000100000001 /* NasaModelTests.swift in Sources */ = {isa = PBXBuildFile; fileRef = AA2000022F00000100000001 /* NasaModelTests.swift */; };
		AA1000022F00000100000001 /* NasaCollectionFetcherTests.swift in Sources */ = {isa = PBXBuildFile; fileRef = AA2000032F00000100000001 /* NasaCollectionFetcherTests.swift */; };
		AA1000032F00000100000001 /* NasaModel.swift in Sources */ = {isa = PBXBuildFile; fileRef = 2DE45BF228D515C200B5C13B /* NasaModel.swift */; };
		AA1000042F00000100000001 /* NasaCollectionFetcher.swift in Sources */ = {isa = PBXBuildFile; fileRef = 2DE45BF428D5163A00B5C13B /* NasaCollectionFetcher.swift */; };
		AA1000052F00000100000001 /* Localized.swift in Sources */ = {isa = PBXBuildFile; fileRef = 2D6A37022F5B8F7900953EBA /* Localized.swift */; };
		CC1000012F00000100000001 /* NASANewUITests.swift in Sources */ = {isa = PBXBuildFile; fileRef = CC2000022F00000100000001 /* NASANewUITests.swift */; };
		D1A000042F70000400000004 /* APODDateRestoration.swift in Sources */ = {isa = PBXBuildFile; fileRef = D1A000032F70000300000003 /* APODDateRestoration.swift */; };
		D1A000052F70000500000005 /* APODDateRestoration.swift in Sources */ = {isa = PBXBuildFile; fileRef = D1A000032F70000300000003 /* APODDateRestoration.swift */; };
		D1A000072F70000700000007 /* MainViewPolicies.swift in Sources */ = {isa = PBXBuildFile; fileRef = D1A000062F70000600000006 /* MainViewPolicies.swift */; };
		D1A000082F70000800000008 /* MainViewPolicies.swift in Sources */ = {isa = PBXBuildFile; fileRef = D1A000062F70000600000006 /* MainViewPolicies.swift */; };
		D1A000092F70000900000009 /* AccessibilityIdentifiers.swift in Sources */ = {isa = PBXBuildFile; fileRef = D1A0000A2F70000A0000000A /* AccessibilityIdentifiers.swift */; };
/* End PBXBuildFile section */

/* Begin PBXContainerItemProxy section */
		AA6000012F00000100000001 /* PBXContainerItemProxy */ = {
			isa = PBXContainerItemProxy;
			containerPortal = 2DE45BD928D5157500B5C13B /* Project object */;
			proxyType = 1;
			remoteGlobalIDString = 2DE45BE028D5157500B5C13B;
			remoteInfo = "NASA New";
		};
		CC6000012F00000100000001 /* PBXContainerItemProxy */ = {
			isa = PBXContainerItemProxy;
			containerPortal = 2DE45BD928D5157500B5C13B /* Project object */;
			proxyType = 1;
			remoteGlobalIDString = 2DE45BE028D5157500B5C13B;
			remoteInfo = "NASA New";
		};
/* End PBXContainerItemProxy section */

/* Begin PBXFileReference section */
		2D6A37022F5B8F7900953EBA /* Localized.swift */ = {isa = PBXFileReference; lastKnownFileType = sourcecode.swift; path = Localized.swift; sourceTree = "<group>"; };
		2D9702FD28D5F64600800A71 /* SwiftUIView.swift */ = {isa = PBXFileReference; lastKnownFileType = sourcecode.swift; path = SwiftUIView.swift; sourceTree = "<group>"; };
		2D9702FF28D6070D00800A71 /* SplashScreenView.swift */ = {isa = PBXFileReference; lastKnownFileType = sourcecode.swift; path = SplashScreenView.swift; sourceTree = "<group>"; };
		2D97030128D61FBF00800A71 /* ConrtolImageView.swift */ = {isa = PBXFileReference; lastKnownFileType = sourcecode.swift; path = ConrtolImageView.swift; sourceTree = "<group>"; };
		2DB51D602F6C976C00625967 /* MainViewStateTests.swift */ = {isa = PBXFileReference; lastKnownFileType = sourcecode.swift; path = MainViewStateTests.swift; sourceTree = "<group>"; };
		2DCCE8DF2F77CE82009C8476 /* en */ = {isa = PBXFileReference; lastKnownFileType = text.plist.strings; name = en; path = Localizable.strings; sourceTree = "<group>"; };
		2DE45BE128D5157500B5C13B /* NASA New.app */ = {isa = PBXFileReference; explicitFileType = wrapper.application; includeInIndex = 0; path = "NASA New.app"; sourceTree = BUILT_PRODUCTS_DIR; };
		2DE45BE428D5157500B5C13B /* NASA_NewApp.swift */ = {isa = PBXFileReference; lastKnownFileType = sourcecode.swift; path = NASA_NewApp.swift; sourceTree = "<group>"; };
		2DE45BE828D5157500B5C13B /* Assets.xcassets */ = {isa = PBXFileReference; lastKnownFileType = folder.assetcatalog; path = Assets.xcassets; sourceTree = "<group>"; };
		2DE45BEB28D5157500B5C13B /* Preview Assets.xcassets */ = {isa = PBXFileReference; lastKnownFileType = folder.assetcatalog; path = "Preview Assets.xcassets"; sourceTree = "<group>"; };
		2DE45BF228D515C200B5C13B /* NasaModel.swift */ = {isa = PBXFileReference; lastKnownFileType = sourcecode.swift; path = NasaModel.swift; sourceTree = "<group>"; };
		2DE45BF428D5163A00B5C13B /* NasaCollectionFetcher.swift */ = {isa = PBXFileReference; lastKnownFileType = sourcecode.swift; path = NasaCollectionFetcher.swift; sourceTree = "<group>"; };
		2DE45BFC28D51CB000B5C13B /* MainView.swift */ = {isa = PBXFileReference; lastKnownFileType = sourcecode.swift; path = MainView.swift; sourceTree = "<group>"; };
		AA2000012F00000100000001 /* NASA NewTests.xctest */ = {isa = PBXFileReference; explicitFileType = wrapper.cfbundle; includeInIndex = 0; path = "NASA NewTests.xctest"; sourceTree = BUILT_PRODUCTS_DIR; };
		AA2000022F00000100000001 /* NasaModelTests.swift */ = {isa = PBXFileReference; lastKnownFileType = sourcecode.swift; path = NasaModelTests.swift; sourceTree = "<group>"; };
		AA2000032F00000100000001 /* NasaCollectionFetcherTests.swift */ = {isa = PBXFileReference; lastKnownFileType = sourcecode.swift; path = NasaCollectionFetcherTests.swift; sourceTree = "<group>"; };
		CC2000012F00000100000001 /* NASA NewUITests.xctest */ = {isa = PBXFileReference; explicitFileType = wrapper.cfbundle; includeInIndex = 0; path = "NASA NewUITests.xctest"; sourceTree = BUILT_PRODUCTS_DIR; };
		CC2000022F00000100000001 /* NASANewUITests.swift */ = {isa = PBXFileReference; lastKnownFileType = sourcecode.swift; path = NASANewUITests.swift; sourceTree = "<group>"; };
		D1A000012F70000100000001 /* AppConfig.xcconfig */ = {isa = PBXFileReference; lastKnownFileType = text.xcconfig; path = AppConfig.xcconfig; sourceTree = "<group>"; };
		D1A000022F70000200000002 /* Info.plist */ = {isa = PBXFileReference; lastKnownFileType = text.plist.xml; path = Info.plist; sourceTree = "<group>"; };
		D1A000032F70000300000003 /* APODDateRestoration.swift */ = {isa = PBXFileReference; lastKnownFileType = sourcecode.swift; path = APODDateRestoration.swift; sourceTree = "<group>"; };
		D1A000062F70000600000006 /* MainViewPolicies.swift */ = {isa = PBXFileReference; lastKnownFileType = sourcecode.swift; path = MainViewPolicies.swift; sourceTree = "<group>"; };
		D1A0000A2F70000A0000000A /* AccessibilityIdentifiers.swift */ = {isa = PBXFileReference; lastKnownFileType = sourcecode.swift; path = AccessibilityIdentifiers.swift; sourceTree = "<group>"; };
/* End PBXFileReference section */

/* Begin PBXFrameworksBuildPhase section */
		2DE45BDE28D5157500B5C13B /* Frameworks */ = {
			isa = PBXFrameworksBuildPhase;
			buildActionMask = 2147483647;
			files = (
				2DB40D8F28D89B43000ECE13 /* YouTubePlayerKit in Frameworks */,
			);
			runOnlyForDeploymentPostprocessing = 0;
		};
		AA3000012F00000100000001 /* Frameworks */ = {
			isa = PBXFrameworksBuildPhase;
			buildActionMask = 2147483647;
			files = (
			);
			runOnlyForDeploymentPostprocessing = 0;
		};
		CC3000012F00000100000001 /* Frameworks */ = {
			isa = PBXFrameworksBuildPhase;
			buildActionMask = 2147483647;
			files = (
			);
			runOnlyForDeploymentPostprocessing = 0;
		};
/* End PBXFrameworksBuildPhase section */

/* Begin PBXGroup section */
		2DCCE8DD2F77CE4C009C8476 /* en.lproj */ = {
			isa = PBXGroup;
			children = (
				2DCCE8DE2F77CE82009C8476 /* Localizable.strings */,
			);
			path = en.lproj;
			sourceTree = "<group>";
		};
		2DE45BD828D5157500B5C13B = {
			isa = PBXGroup;
			children = (
				2DE45BE328D5157500B5C13B /* NASA New */,
				AA4000012F00000100000001 /* NASA NewTests */,
				CC4000012F00000100000001 /* NASA NewUITests */,
				2DE45BE228D5157500B5C13B /* Products */,
				2DCCE8DD2F77CE4C009C8476 /* en.lproj */,
			);
			sourceTree = "<group>";
		};
		2DE45BE228D5157500B5C13B /* Products */ = {
			isa = PBXGroup;
			children = (
				2DE45BE128D5157500B5C13B /* NASA New.app */,
				AA2000012F00000100000001 /* NASA NewTests.xctest */,
				CC2000012F00000100000001 /* NASA NewUITests.xctest */,
			);
			name = Products;
			sourceTree = "<group>";
		};
		2DE45BE328D5157500B5C13B /* NASA New */ = {
			isa = PBXGroup;
			children = (
				2DE45BE428D5157500B5C13B /* NASA_NewApp.swift */,
				2D9702FF28D6070D00800A71 /* SplashScreenView.swift */,
				2DE45BFC28D51CB000B5C13B /* MainView.swift */,
				D1A0000A2F70000A0000000A /* AccessibilityIdentifiers.swift */,
				2DE45BF428D5163A00B5C13B /* NasaCollectionFetcher.swift */,
				D1A000032F70000300000003 /* APODDateRestoration.swift */,
				D1A000062F70000600000006 /* MainViewPolicies.swift */,
				2DE45BF228D515C200B5C13B /* NasaModel.swift */,
				2DE45BE828D5157500B5C13B /* Assets.xcassets */,
				2DE45BEA28D5157500B5C13B /* Preview Content */,
				2D9702FD28D5F64600800A71 /* SwiftUIView.swift */,
				2D97030128D61FBF00800A71 /* ConrtolImageView.swift */,
				2D6A37022F5B8F7900953EBA /* Localized.swift */,
				D1A000012F70000100000001 /* AppConfig.xcconfig */,
				D1A000022F70000200000002 /* Info.plist */,
			);
			path = "NASA New";
			sourceTree = "<group>";
		};
		2DE45BEA28D5157500B5C13B /* Preview Content */ = {
			isa = PBXGroup;
			children = (
				2DE45BEB28D5157500B5C13B /* Preview Assets.xcassets */,
			);
			path = "Preview Content";
			sourceTree = "<group>";
		};
		AA4000012F00000100000001 /* NASA NewTests */ = {
			isa = PBXGroup;
			children = (
				AA2000022F00000100000001 /* NasaModelTests.swift */,
				AA2000032F00000100000001 /* NasaCollectionFetcherTests.swift */,
				2DB51D602F6C976C00625967 /* MainViewStateTests.swift */,
			);
			path = "NASA NewTests";
			sourceTree = "<group>";
		};
		CC4000012F00000100000001 /* NASA NewUITests */ = {
			isa = PBXGroup;
			children = (
				CC2000022F00000100000001 /* NASANewUITests.swift */,
			);
			path = "NASA NewUITests";
			sourceTree = "<group>";
		};
/* End PBXGroup section */

/* Begin PBXNativeTarget section */
		2DE45BE028D5157500B5C13B /* NASA New */ = {
			isa = PBXNativeTarget;
			buildConfigurationList = 2DE45BEF28D5157500B5C13B /* Build configuration list for PBXNativeTarget "NASA New" */;
			buildPhases = (
				2DE45BDD28D5157500B5C13B /* Sources */,
				2DE45BDE28D5157500B5C13B /* Frameworks */,
				2DE45BDF28D5157500B5C13B /* Resources */,
			);
			buildRules = (
			);
			dependencies = (
			);
			name = "NASA New";
			packageProductDependencies = (
				2DB40D8E28D89B43000ECE13 /* YouTubePlayerKit */,
			);
			productName = "NASA New";
			productReference = 2DE45BE128D5157500B5C13B /* NASA New.app */;
			productType = "com.apple.product-type.application";
		};
		AA5000012F00000100000001 /* NASA NewTests */ = {
			isa = PBXNativeTarget;
			buildConfigurationList = AA9000032F00000100000001 /* Build configuration list for PBXNativeTarget "NASA NewTests" */;
			buildPhases = (
				AA8000022F00000100000001 /* Sources */,
				AA3000012F00000100000001 /* Frameworks */,
				AA8000012F00000100000001 /* Resources */,
			);
			buildRules = (
			);
			dependencies = (
				AA7000012F00000100000001 /* PBXTargetDependency */,
			);
			name = "NASA NewTests";
			packageProductDependencies = (
			);
			productName = "NASA NewTests";
			productReference = AA2000012F00000100000001 /* NASA NewTests.xctest */;
			productType = "com.apple.product-type.bundle.unit-test";
		};
		CC5000012F00000100000001 /* NASA NewUITests */ = {
			isa = PBXNativeTarget;
			buildConfigurationList = CC9000032F00000100000001 /* Build configuration list for PBXNativeTarget "NASA NewUITests" */;
			buildPhases = (
				CC8000022F00000100000001 /* Sources */,
				CC3000012F00000100000001 /* Frameworks */,
				CC8000012F00000100000001 /* Resources */,
			);
			buildRules = (
			);
			dependencies = (
				CC7000012F00000100000001 /* PBXTargetDependency */,
			);
			name = "NASA NewUITests";
			packageProductDependencies = (
			);
			productName = "NASA NewUITests";
			productReference = CC2000012F00000100000001 /* NASA NewUITests.xctest */;
			productType = "com.apple.product-type.bundle.ui-testing";
		};
/* End PBXNativeTarget section */

/* Begin PBXProject section */
		2DE45BD928D5157500B5C13B /* Project object */ = {
			isa = PBXProject;
			attributes = {
				BuildIndependentTargetsInParallel = 1;
				LastSwiftUpdateCheck = 1400;
				LastUpgradeCheck = 2630;
				TargetAttributes = {
					2DE45BE028D5157500B5C13B = {
						CreatedOnToolsVersion = 14.0;
					};
					AA5000012F00000100000001 = {
						CreatedOnToolsVersion = 16.0;
						TestTargetID = 2DE45BE028D5157500B5C13B;
					};
					CC5000012F00000100000001 = {
						CreatedOnToolsVersion = 16.0;
						TestTargetID = 2DE45BE028D5157500B5C13B;
					};
				};
			};
			buildConfigurationList = 2DE45BDC28D5157500B5C13B /* Build configuration list for PBXProject "NASA New" */;
			compatibilityVersion = "Xcode 14.0";
			developmentRegion = en;
			hasScannedForEncodings = 0;
			knownRegions = (
				en,
				Base,
			);
			mainGroup = 2DE45BD828D5157500B5C13B;
			packageReferences = (
				2DB40D8D28D89B42000ECE13 /* XCRemoteSwiftPackageReference "YouTubePlayerKit" */,
			);
			productRefGroup = 2DE45BE228D5157500B5C13B /* Products */;
			projectDirPath = "";
			projectRoot = "";
			targets = (
				2DE45BE028D5157500B5C13B /* NASA New */,
				AA5000012F00000100000001 /* NASA NewTests */,
				CC5000012F00000100000001 /* NASA NewUITests */,
			);
		};
/* End PBXProject section */

/* Begin PBXResourcesBuildPhase section */
		2DE45BDF28D5157500B5C13B /* Resources */ = {
			isa = PBXResourcesBuildPhase;
			buildActionMask = 2147483647;
			files = (
				2DE45BEC28D5157500B5C13B /* Preview Assets.xcassets in Resources */,
				2DE45BE928D5157500B5C13B /* Assets.xcassets in Resources */,
				2DCCE8E02F77D000009C8476 /* Localizable.strings in Resources */,
			);
			runOnlyForDeploymentPostprocessing = 0;
		};
		AA8000012F00000100000001 /* Resources */ = {
			isa = PBXResourcesBuildPhase;
			buildActionMask = 2147483647;
			files = (
			);
			runOnlyForDeploymentPostprocessing = 0;
		};
		CC8000012F00000100000001 /* Resources */ = {
			isa = PBXResourcesBuildPhase;
			buildActionMask = 2147483647;
			files = (
			);
			runOnlyForDeploymentPostprocessing = 0;
		};
/* End PBXResourcesBuildPhase section */

/* Begin PBXSourcesBuildPhase section */
		2DE45BDD28D5157500B5C13B /* Sources */ = {
			isa = PBXSourcesBuildPhase;
			buildActionMask = 2147483647;
			files = (
				2D97030228D61FBF00800A71 /* ConrtolImageView.swift in Sources */,
				2D6A37032F5B8F7900953EBA /* Localized.swift in Sources */,
				2D9702FE28D5F64600800A71 /* SwiftUIView.swift in Sources */,
				2DE45BFD28D51CB000B5C13B /* MainView.swift in Sources */,
				D1A000092F70000900000009 /* AccessibilityIdentifiers.swift in Sources */,
				D1A000042F70000400000004 /* APODDateRestoration.swift in Sources */,
				D1A000072F70000700000007 /* MainViewPolicies.swift in Sources */,
				2DE45BF328D515C200B5C13B /* NasaModel.swift in Sources */,
				2DE45BF528D5163A00B5C13B /* NasaCollectionFetcher.swift in Sources */,
				2DE45BE528D5157500B5C13B /* NASA_NewApp.swift in Sources */,
				2D97030028D6070D00800A71 /* SplashScreenView.swift in Sources */,
			);
			runOnlyForDeploymentPostprocessing = 0;
		};
		AA8000022F00000100000001 /* Sources */ = {
			isa = PBXSourcesBuildPhase;
			buildActionMask = 2147483647;
			files = (
				AA1000022F00000100000001 /* NasaCollectionFetcherTests.swift in Sources */,
				AA1000012F00000100000001 /* NasaModelTests.swift in Sources */,
				2DB51D612F6C976C00625967 /* MainViewStateTests.swift in Sources */,
				AA1000052F00000100000001 /* Localized.swift in Sources */,
				D1A000052F70000500000005 /* APODDateRestoration.swift in Sources */,
				D1A000082F70000800000008 /* MainViewPolicies.swift in Sources */,
				AA1000032F00000100000001 /* NasaModel.swift in Sources */,
				AA1000042F00000100000001 /* NasaCollectionFetcher.swift in Sources */,
			);
			runOnlyForDeploymentPostprocessing = 0;
		};
		CC8000022F00000100000001 /* Sources */ = {
			isa = PBXSourcesBuildPhase;
			buildActionMask = 2147483647;
			files = (
				CC1000012F00000100000001 /* NASANewUITests.swift in Sources */,
			);
			runOnlyForDeploymentPostprocessing = 0;
		};
/* End PBXSourcesBuildPhase section */

/* Begin PBXTargetDependency section */
		AA7000012F00000100000001 /* PBXTargetDependency */ = {
			isa = PBXTargetDependency;
			target = 2DE45BE028D5157500B5C13B /* NASA New */;
			targetProxy = AA6000012F00000100000001 /* PBXContainerItemProxy */;
		};
		CC7000012F00000100000001 /* PBXTargetDependency */ = {
			isa = PBXTargetDependency;
			target = 2DE45BE028D5157500B5C13B /* NASA New */;
			targetProxy = CC6000012F00000100000001 /* PBXContainerItemProxy */;
		};
/* End PBXTargetDependency section */

/* Begin PBXVariantGroup section */
		2DCCE8DE2F77CE82009C8476 /* Localizable.strings */ = {
			isa = PBXVariantGroup;
			children = (
				2DCCE8DF2F77CE82009C8476 /* en */,
			);
			name = Localizable.strings;
			sourceTree = "<group>";
		};
/* End PBXVariantGroup section */

/* Begin XCBuildConfiguration section */
		2DE45BED28D5157500B5C13B /* Debug */ = {
			isa = XCBuildConfiguration;
			buildSettings = {
				ALWAYS_SEARCH_USER_PATHS = NO;
				ASSETCATALOG_COMPILER_GENERATE_SWIFT_ASSET_SYMBOL_EXTENSIONS = YES;
				CLANG_ANALYZER_NONNULL = YES;
				CLANG_ANALYZER_NUMBER_OBJECT_CONVERSION = YES_AGGRESSIVE;
				CLANG_CXX_LANGUAGE_STANDARD = "gnu++20";
				CLANG_ENABLE_MODULES = YES;
				CLANG_ENABLE_OBJC_ARC = YES;
				CLANG_ENABLE_OBJC_WEAK = YES;
				CLANG_WARN_BLOCK_CAPTURE_AUTORELEASING = YES;
				CLANG_WARN_BOOL_CONVERSION = YES;
				CLANG_WARN_COMMA = YES;
				CLANG_WARN_CONSTANT_CONVERSION = YES;
				CLANG_WARN_DEPRECATED_OBJC_IMPLEMENTATIONS = YES;
				CLANG_WARN_DIRECT_OBJC_ISA_USAGE = YES_ERROR;
				CLANG_WARN_DOCUMENTATION_COMMENTS = YES;
				CLANG_WARN_EMPTY_BODY = YES;
				CLANG_WARN_ENUM_CONVERSION = YES;
				CLANG_WARN_INFINITE_RECURSION = YES;
				CLANG_WARN_INT_CONVERSION = YES;
				CLANG_WARN_NON_LITERAL_NULL_CONVERSION = YES;
				CLANG_WARN_OBJC_IMPLICIT_RETAIN_SELF = YES;
				CLANG_WARN_OBJC_LITERAL_CONVERSION = YES;
				CLANG_WARN_OBJC_ROOT_CLASS = YES_ERROR;
				CLANG_WARN_QUOTED_INCLUDE_IN_FRAMEWORK_HEADER = YES;
				CLANG_WARN_RANGE_LOOP_ANALYSIS = YES;
				CLANG_WARN_STRICT_PROTOTYPES = YES;
				CLANG_WARN_SUSPICIOUS_MOVE = YES;
				CLANG_WARN_UNGUARDED_AVAILABILITY = YES_AGGRESSIVE;
				CLANG_WARN_UNREACHABLE_CODE = YES;
				CLANG_WARN__DUPLICATE_METHOD_MATCH = YES;
				COPY_PHASE_STRIP = NO;
				DEBUG_INFORMATION_FORMAT = dwarf;
				DEVELOPMENT_TEAM = UT5GZ42DGX;
				ENABLE_STRICT_OBJC_MSGSEND = YES;
				ENABLE_TESTABILITY = YES;
				ENABLE_USER_SCRIPT_SANDBOXING = YES;
				GCC_C_LANGUAGE_STANDARD = gnu11;
				GCC_DYNAMIC_NO_PIC = NO;
				GCC_NO_COMMON_BLOCKS = YES;
				GCC_OPTIMIZATION_LEVEL = 0;
				GCC_PREPROCESSOR_DEFINITIONS = (
					"DEBUG=1",
					"$(inherited)",
				);
				GCC_WARN_64_TO_32_BIT_CONVERSION = YES;
				GCC_WARN_ABOUT_RETURN_TYPE = YES_ERROR;
				GCC_WARN_UNDECLARED_SELECTOR = YES;
				GCC_WARN_UNINITIALIZED_AUTOS = YES_AGGRESSIVE;
				GCC_WARN_UNUSED_FUNCTION = YES;
				GCC_WARN_UNUSED_VARIABLE = YES;
				IPHONEOS_DEPLOYMENT_TARGET = 16.0;
				MTL_ENABLE_DEBUG_INFO = INCLUDE_SOURCE;
				MTL_FAST_MATH = YES;
				ONLY_ACTIVE_ARCH = YES;
				SDKROOT = iphoneos;
				STRING_CATALOG_GENERATE_SYMBOLS = YES;
				SWIFT_ACTIVE_COMPILATION_CONDITIONS = DEBUG;
				SWIFT_OPTIMIZATION_LEVEL = "-Onone";
			};
			name = Debug;
		};
		2DE45BEE28D5157500B5C13B /* Release */ = {
			isa = XCBuildConfiguration;
			buildSettings = {
				ALWAYS_SEARCH_USER_PATHS = NO;
				ASSETCATALOG_COMPILER_GENERATE_SWIFT_ASSET_SYMBOL_EXTENSIONS = YES;
				CLANG_ANALYZER_NONNULL = YES;
				CLANG_ANALYZER_NUMBER_OBJECT_CONVERSION = YES_AGGRESSIVE;
				CLANG_CXX_LANGUAGE_STANDARD = "gnu++20";
				CLANG_ENABLE_MODULES = YES;
				CLANG_ENABLE_OBJC_ARC = YES;
				CLANG_ENABLE_OBJC_WEAK = YES;
				CLANG_WARN_BLOCK_CAPTURE_AUTORELEASING = YES;
				CLANG_WARN_BOOL_CONVERSION = YES;
				CLANG_WARN_COMMA = YES;
				CLANG_WARN_CONSTANT_CONVERSION = YES;
				CLANG_WARN_DEPRECATED_OBJC_IMPLEMENTATIONS = YES;
				CLANG_WARN_DIRECT_OBJC_ISA_USAGE = YES_ERROR;
				CLANG_WARN_DOCUMENTATION_COMMENTS = YES;
				CLANG_WARN_EMPTY_BODY = YES;
				CLANG_WARN_ENUM_CONVERSION = YES;
				CLANG_WARN_INFINITE_RECURSION = YES;
				CLANG_WARN_INT_CONVERSION = YES;
				CLANG_WARN_NON_LITERAL_NULL_CONVERSION = YES;
				CLANG_WARN_OBJC_IMPLICIT_RETAIN_SELF = YES;
				CLANG_WARN_OBJC_LITERAL_CONVERSION = YES;
				CLANG_WARN_OBJC_ROOT_CLASS = YES_ERROR;
				CLANG_WARN_QUOTED_INCLUDE_IN_FRAMEWORK_HEADER = YES;
				CLANG_WARN_RANGE_LOOP_ANALYSIS = YES;
				CLANG_WARN_STRICT_PROTOTYPES = YES;
				CLANG_WARN_SUSPICIOUS_MOVE = YES;
				CLANG_WARN_UNGUARDED_AVAILABILITY = YES_AGGRESSIVE;
				CLANG_WARN_UNREACHABLE_CODE = YES;
				CLANG_WARN__DUPLICATE_METHOD_MATCH = YES;
				COPY_PHASE_STRIP = NO;
				DEBUG_INFORMATION_FORMAT = "dwarf-with-dsym";
				DEVELOPMENT_TEAM = UT5GZ42DGX;
				ENABLE_NS_ASSERTIONS = NO;
				ENABLE_STRICT_OBJC_MSGSEND = YES;
				ENABLE_USER_SCRIPT_SANDBOXING = YES;
				GCC_C_LANGUAGE_STANDARD = gnu11;
				GCC_NO_COMMON_BLOCKS = YES;
				GCC_WARN_64_TO_32_BIT_CONVERSION = YES;
				GCC_WARN_ABOUT_RETURN_TYPE = YES_ERROR;
				GCC_WARN_UNDECLARED_SELECTOR = YES;
				GCC_WARN_UNINITIALIZED_AUTOS = YES_AGGRESSIVE;
				GCC_WARN_UNUSED_FUNCTION = YES;
				GCC_WARN_UNUSED_VARIABLE = YES;
				IPHONEOS_DEPLOYMENT_TARGET = 16.0;
				MTL_ENABLE_DEBUG_INFO = NO;
				MTL_FAST_MATH = YES;
				SDKROOT = iphoneos;
				STRING_CATALOG_GENERATE_SYMBOLS = YES;
				SWIFT_COMPILATION_MODE = wholemodule;
				SWIFT_OPTIMIZATION_LEVEL = "-O";
				VALIDATE_PRODUCT = YES;
			};
			name = Release;
		};
		2DE45BF028D5157500B5C13B /* Debug */ = {
			isa = XCBuildConfiguration;
			baseConfigurationReference = D1A000012F70000100000001 /* AppConfig.xcconfig */;
			buildSettings = {
				ASSETCATALOG_COMPILER_APPICON_NAME = AppIcon;
				ASSETCATALOG_COMPILER_GLOBAL_ACCENT_COLOR_NAME = AccentColor;
				CODE_SIGN_STYLE = Automatic;
				CURRENT_PROJECT_VERSION = 1;
				DEVELOPMENT_ASSET_PATHS = "\"NASA New/Preview Content\"";
				DEVELOPMENT_TEAM = UT5GZ42DGX;
				ENABLE_PREVIEWS = YES;
				GENERATE_INFOPLIST_FILE = NO;
				INFOPLIST_FILE = "NASA New/Info.plist";
				LD_RUNPATH_SEARCH_PATHS = (
					"$(inherited)",
					"@executable_path/Frameworks",
				);
				MARKETING_VERSION = 1.0;
				PRODUCT_BUNDLE_IDENTIFIER = "eu.medarov.NASA-New";
				PRODUCT_NAME = "$(TARGET_NAME)";
				SWIFT_EMIT_LOC_STRINGS = YES;
				SWIFT_VERSION = 5.0;
				TARGETED_DEVICE_FAMILY = "1,2";
			};
			name = Debug;
		};
		2DE45BF128D5157500B5C13B /* Release */ = {
			isa = XCBuildConfiguration;
			baseConfigurationReference = D1A000012F70000100000001 /* AppConfig.xcconfig */;
			buildSettings = {
				ASSETCATALOG_COMPILER_APPICON_NAME = AppIcon;
				ASSETCATALOG_COMPILER_GLOBAL_ACCENT_COLOR_NAME = AccentColor;
				CODE_SIGN_STYLE = Automatic;
				CURRENT_PROJECT_VERSION = 1;
				DEVELOPMENT_ASSET_PATHS = "\"NASA New/Preview Content\"";
				DEVELOPMENT_TEAM = UT5GZ42DGX;
				ENABLE_PREVIEWS = YES;
				GENERATE_INFOPLIST_FILE = NO;
				INFOPLIST_FILE = "NASA New/Info.plist";
				LD_RUNPATH_SEARCH_PATHS = (
					"$(inherited)",
					"@executable_path/Frameworks",
				);
				MARKETING_VERSION = 1.0;
				PRODUCT_BUNDLE_IDENTIFIER = "eu.medarov.NASA-New";
				PRODUCT_NAME = "$(TARGET_NAME)";
				SWIFT_EMIT_LOC_STRINGS = YES;
				SWIFT_VERSION = 5.0;
				TARGETED_DEVICE_FAMILY = "1,2";
			};
			name = Release;
		};
		AA9000012F00000100000001 /* Debug */ = {
			isa = XCBuildConfiguration;
			buildSettings = {
				CODE_SIGN_STYLE = Automatic;
				CURRENT_PROJECT_VERSION = 1;
				DEVELOPMENT_TEAM = UT5GZ42DGX;
				GENERATE_INFOPLIST_FILE = YES;
				IPHONEOS_DEPLOYMENT_TARGET = 16.0;
				LD_RUNPATH_SEARCH_PATHS = (
					"$(inherited)",
					"@executable_path/Frameworks",
					"@loader_path/Frameworks",
				);
				MARKETING_VERSION = 1.0;
				PRODUCT_BUNDLE_IDENTIFIER = "eu.medarov.NASA-NewTests";
				PRODUCT_NAME = "$(TARGET_NAME)";
				SWIFT_VERSION = 5.0;
				TARGETED_DEVICE_FAMILY = "1,2";
			};
			name = Debug;
		};
		AA9000022F00000100000001 /* Release */ = {
			isa = XCBuildConfiguration;
			buildSettings = {
				CODE_SIGN_STYLE = Automatic;
				CURRENT_PROJECT_VERSION = 1;
				DEVELOPMENT_TEAM = UT5GZ42DGX;
				GENERATE_INFOPLIST_FILE = YES;
				IPHONEOS_DEPLOYMENT_TARGET = 16.0;
				LD_RUNPATH_SEARCH_PATHS = (
					"$(inherited)",
					"@executable_path/Frameworks",
					"@loader_path/Frameworks",
				);
				MARKETING_VERSION = 1.0;
				PRODUCT_BUNDLE_IDENTIFIER = "eu.medarov.NASA-NewTests";
				PRODUCT_NAME = "$(TARGET_NAME)";
				SWIFT_VERSION = 5.0;
				TARGETED_DEVICE_FAMILY = "1,2";
			};
			name = Release;
		};
		CC9000012F00000100000001 /* Debug */ = {
			isa = XCBuildConfiguration;
			buildSettings = {
				CODE_SIGN_STYLE = Automatic;
				CURRENT_PROJECT_VERSION = 1;
				DEVELOPMENT_TEAM = UT5GZ42DGX;
				GENERATE_INFOPLIST_FILE = YES;
				IPHONEOS_DEPLOYMENT_TARGET = 16.0;
				MARKETING_VERSION = 1.0;
				PRODUCT_BUNDLE_IDENTIFIER = "eu.medarov.NASA-NewUITests";
				PRODUCT_NAME = "$(TARGET_NAME)";
				SWIFT_VERSION = 5.0;
				TARGETED_DEVICE_FAMILY = "1,2";
				TEST_TARGET_NAME = "NASA New";
			};
			name = Debug;
		};
		CC9000022F00000100000001 /* Release */ = {
			isa = XCBuildConfiguration;
			buildSettings = {
				CODE_SIGN_STYLE = Automatic;
				CURRENT_PROJECT_VERSION = 1;
				DEVELOPMENT_TEAM = UT5GZ42DGX;
				GENERATE_INFOPLIST_FILE = YES;
				IPHONEOS_DEPLOYMENT_TARGET = 16.0;
				MARKETING_VERSION = 1.0;
				PRODUCT_BUNDLE_IDENTIFIER = "eu.medarov.NASA-NewUITests";
				PRODUCT_NAME = "$(TARGET_NAME)";
				SWIFT_VERSION = 5.0;
				TARGETED_DEVICE_FAMILY = "1,2";
				TEST_TARGET_NAME = "NASA New";
			};
			name = Release;
		};
/* End XCBuildConfiguration section */

/* Begin XCConfigurationList section */
		2DE45BDC28D5157500B5C13B /* Build configuration list for PBXProject "NASA New" */ = {
			isa = XCConfigurationList;
			buildConfigurations = (
				2DE45BED28D5157500B5C13B /* Debug */,
				2DE45BEE28D5157500B5C13B /* Release */,
			);
			defaultConfigurationIsVisible = 0;
			defaultConfigurationName = Release;
		};
		2DE45BEF28D5157500B5C13B /* Build configuration list for PBXNativeTarget "NASA New" */ = {
			isa = XCConfigurationList;
			buildConfigurations = (
				2DE45BF028D5157500B5C13B /* Debug */,
				2DE45BF128D5157500B5C13B /* Release */,
			);
			defaultConfigurationIsVisible = 0;
			defaultConfigurationName = Release;
		};
		AA9000032F00000100000001 /* Build configuration list for PBXNativeTarget "NASA NewTests" */ = {
			isa = XCConfigurationList;
			buildConfigurations = (
				AA9000012F00000100000001 /* Debug */,
				AA9000022F00000100000001 /* Release */,
			);
			defaultConfigurationIsVisible = 0;
			defaultConfigurationName = Release;
		};
		CC9000032F00000100000001 /* Build configuration list for PBXNativeTarget "NASA NewUITests" */ = {
			isa = XCConfigurationList;
			buildConfigurations = (
				CC9000012F00000100000001 /* Debug */,
				CC9000022F00000100000001 /* Release */,
			);
			defaultConfigurationIsVisible = 0;
			defaultConfigurationName = Release;
		};
/* End XCConfigurationList section */

/* Begin XCRemoteSwiftPackageReference section */
		2DB40D8D28D89B42000ECE13 /* XCRemoteSwiftPackageReference "YouTubePlayerKit" */ = {
			isa = XCRemoteSwiftPackageReference;
			repositoryURL = "https://github.com/SvenTiigi/YouTubePlayerKit.git";
			requirement = {
				kind = upToNextMajorVersion;
				minimumVersion = 1.0.0;
			};
		};
/* End XCRemoteSwiftPackageReference section */

/* Begin XCSwiftPackageProductDependency section */
		2DB40D8E28D89B43000ECE13 /* YouTubePlayerKit */ = {
			isa = XCSwiftPackageProductDependency;
			package = 2DB40D8D28D89B42000ECE13 /* XCRemoteSwiftPackageReference "YouTubePlayerKit" */;
			productName = YouTubePlayerKit;
		};
/* End XCSwiftPackageProductDependency section */
	};
	rootObject = 2DE45BD928D5157500B5C13B /* Project object */;
}
